
Microsoft Visual Studio Solution File, Format Version 12.00
# Visual Studio Version 17
VisualStudioVersion = 17.5.33424.131
MinimumVisualStudioVersion = 10.0.40219.1
Project("{FAE04EC0-301F-11D3-BF4B-00C04F79EFBC}") = "P_wsp_zad1", "P_wsp_zad1\P_wsp_zad1.csproj", "{7EF209B2-32C7-4349-BC0C-0C147D9FBFEB}"
EndProject
Project("{FAE04EC0-301F-11D3-BF4B-00C04F79EFBC}") = "App_UI_xaml", "App_UI_xaml\App_UI_xaml.csproj", "{71CDDD13-BD4C-4294-B36B-E16D4D983161}"
EndProject
Global
	GlobalSection(SolutionConfigurationPlatforms) = preSolution
		Debug|Any CPU = Debug|Any CPU
		Release|Any CPU = Release|Any CPU
	EndGlobalSection
	GlobalSection(ProjectConfigurationPlatforms) = postSolution
		{7EF209B2-32C7-4349-BC0C-0C147D9FBFEB}.Debug|Any CPU.ActiveCfg = Debug|Any CPU
		{7EF209B2-32C7-4349-BC0C-0C147D9FBFEB}.Debug|Any CPU.Build.0 = Debug|Any CPU
		{7EF209B2-32C7-4349-BC0C-0C147D9FBFEB}.Release|Any CPU.ActiveCfg = Release|Any CPU
		{7EF209B2-32C7-4349-BC0C-0C147D9FBFEB}.Release|Any CPU.Build.0 = Release|Any CPU
		{71CDDD13-BD4C-4294-B36B-E16D4D983161}.Debug|Any CPU.ActiveCfg = Debug|Any CPU
		{71CDDD13-BD4C-4294-B36B-E16D4D983161}.Debug|Any CPU.Build.0 = Debug|Any CPU
		{71CDDD13-BD4C-4294-B36B-E16D4D983161}.Release|Any CPU.ActiveCfg = Release|Any CPU
		{71CDDD13-BD4C-4294-B36B-E16D4D983161}.Release|Any CPU.Build.0 = Release|Any CPU
	EndGlobalSection
	GlobalSection(SolutionProperties) = preSolution
		HideSolutionNode = FALSE
	EndGlobalSection
	GlobalSection(ExtensibilityGlobals) = postSolution
		SolutionGuid = {0B31A087-1A9A-4F6F-BE6B-6B40CDD98E85}
	EndGlobalSection
EndGlobal
